// !$*UTF8*$!
{
	archiveVersion = 1;
	classes = {
	};
	objectVersion = 56;
	objects = {

/* Begin PBXBuildFile section */
		63B6D3D92C6521990032AD5D /* AppDelegate.swift in Sources */ = {isa = PBXBuildFile; fileRef = 63B6D3D82C6521990032AD5D /* AppDelegate.swift */; };
		63B6D3DB2C6521990032AD5D /* SceneDelegate.swift in Sources */ = {isa = PBXBuildFile; fileRef = 63B6D3DA2C6521990032AD5D /* SceneDelegate.swift */; };
		63B6D3E22C65219B0032AD5D /* Assets.xcassets in Resources */ = {isa = PBXBuildFile; fileRef = 63B6D3E12C65219B0032AD5D /* Assets.xcassets */; };
		63B6D3E52C65219B0032AD5D /* Base in Resources */ = {isa = PBXBuildFile; fileRef = 63B6D3E42C65219B0032AD5D /* Base */; };
		63B6D3ED2C6525290032AD5D /* CardSelectionVC.swift in Sources */ = {isa = PBXBuildFile; fileRef = 63B6D3EC2C6525290032AD5D /* CardSelectionVC.swift */; };
		63B6D3EF2C6527440032AD5D /* SoHButton.swift in Sources */ = {isa = PBXBuildFile; fileRef = 63B6D3EE2C6527440032AD5D /* SoHButton.swift */; };
		63C6CEF42C6620F800C39C6A /* RulesVC.swift in Sources */ = {isa = PBXBuildFile; fileRef = 63C6CEF32C6620F800C39C6A /* RulesVC.swift */; };
		63C6CEF62C66313F00C39C6A /* Deck.swift in Sources */ = {isa = PBXBuildFile; fileRef = 63C6CEF52C66313F00C39C6A /* Deck.swift */; };
/* End PBXBuildFile section */

/* Begin PBXFileReference section */
		63B6D3D52C6521990032AD5D /* SpadesOfHearts-Programmatic.app */ = {isa = PBXFileReference; explicitFileType = wrapper.application; includeInIndex = 0; path = "SpadesOfHearts-Programmatic.app"; sourceTree = BUILT_PRODUCTS_DIR; };
		63B6D3D82C6521990032AD5D /* AppDelegate.swift */ = {isa = PBXFileReference; lastKnownFileType = sourcecode.swift; path = AppDelegate.swift; sourceTree = "<group>"; };
		63B6D3DA2C6521990032AD5D /* SceneDelegate.swift */ = {isa = PBXFileReference; lastKnownFileType = sourcecode.swift; path = SceneDelegate.swift; sourceTree = "<group>"; };
		63B6D3E12C65219B0032AD5D /* Assets.xcassets */ = {isa = PBXFileReference; lastKnownFileType = folder.assetcatalog; path = Assets.xcassets; sourceTree = "<group>"; };
		63B6D3E42C65219B0032AD5D /* Base */ = {isa = PBXFileReference; lastKnownFileType = file.storyboard; name = Base; path = Base.lproj/LaunchScreen.storyboard; sourceTree = "<group>"; };
		63B6D3E62C65219B0032AD5D /* Info.plist */ = {isa = PBXFileReference; lastKnownFileType = text.plist.xml; path = Info.plist; sourceTree = "<group>"; };
		63B6D3EC2C6525290032AD5D /* CardSelectionVC.swift */ = {isa = PBXFileReference; lastKnownFileType = sourcecode.swift; path = CardSelectionVC.swift; sourceTree = "<group>"; };
		63B6D3EE2C6527440032AD5D /* SoHButton.swift */ = {isa = PBXFileReference; lastKnownFileType = sourcecode.swift; path = SoHButton.swift; sourceTree = "<group>"; };
		63C6CEF32C6620F800C39C6A /* RulesVC.swift */ = {isa = PBXFileReference; lastKnownFileType = sourcecode.swift; path = RulesVC.swift; sourceTree = "<group>"; };
		63C6CEF52C66313F00C39C6A /* Deck.swift */ = {isa = PBXFileReference; lastKnownFileType = sourcecode.swift; path = Deck.swift; sourceTree = "<group>"; };
/* End PBXFileReference section */

/* Begin PBXFrameworksBuildPhase section */
		63B6D3D22C6521990032AD5D /* Frameworks */ = {
			isa = PBXFrameworksBuildPhase;
			buildActionMask = 2147483647;
			files = (
			);
			runOnlyForDeploymentPostprocessing = 0;
		};
/* End PBXFrameworksBuildPhase section */

/* Begin PBXGroup section */
		63B6D3CC2C6521990032AD5D = {
			isa = PBXGroup;
			children = (
				63B6D3D72C6521990032AD5D /* SpadesOfHearts-Programmatic */,
				63B6D3D62C6521990032AD5D /* Products */,
			);
			sourceTree = "<group>";
		};
		63B6D3D62C6521990032AD5D /* Products */ = {
			isa = PBXGroup;
			children = (
				63B6D3D52C6521990032AD5D /* SpadesOfHearts-Programmatic.app */,
			);
			name = Products;
			sourceTree = "<group>";
		};
		63B6D3D72C6521990032AD5D /* SpadesOfHearts-Programmatic */ = {
			isa = PBXGroup;
			children = (
				63B6D3D82C6521990032AD5D /* AppDelegate.swift */,
				63B6D3DA2C6521990032AD5D /* SceneDelegate.swift */,
				63C6CEF52C66313F00C39C6A /* Deck.swift */,
				63B6D3EC2C6525290032AD5D /* CardSelectionVC.swift */,
				63B6D3EE2C6527440032AD5D /* SoHButton.swift */,
				63C6CEF32C6620F800C39C6A /* RulesVC.swift */,
				63B6D3E12C65219B0032AD5D /* Assets.xcassets */,
				63B6D3E32C65219B0032AD5D /* LaunchScreen.storyboard */,
				63B6D3E62C65219B0032AD5D /* Info.plist */,
			);
			path = "SpadesOfHearts-Programmatic";
			sourceTree = "<group>";
		};
/* End PBXGroup section */

/* Begin PBXNativeTarget section */
		63B6D3D42C6521990032AD5D /* SpadesOfHearts-Programmatic */ = {
			isa = PBXNativeTarget;
			buildConfigurationList = 63B6D3E92C65219B0032AD5D /* Build configuration list for PBXNativeTarget "SpadesOfHearts-Programmatic" */;
			buildPhases = (
				63B6D3D12C6521990032AD5D /* Sources */,
				63B6D3D22C6521990032AD5D /* Frameworks */,
				63B6D3D32C6521990032AD5D /* Resources */,
			);
			buildRules = (
			);
			dependencies = (
			);
			name = "SpadesOfHearts-Programmatic";
			productName = "SpadesOfHearts-Programmatic";
			productReference = 63B6D3D52C6521990032AD5D /* SpadesOfHearts-Programmatic.app */;
			productType = "com.apple.product-type.application";
		};
/* End PBXNativeTarget section */

/* Begin PBXProject section */
		63B6D3CD2C6521990032AD5D /* Project object */ = {
			isa = PBXProject;
			attributes = {
				BuildIndependentTargetsInParallel = 1;
				LastSwiftUpdateCheck = 1540;
				LastUpgradeCheck = 1540;
				TargetAttributes = {
					63B6D3D42C6521990032AD5D = {
						CreatedOnToolsVersion = 15.4;
					};
				};
			};
			buildConfigurationList = 63B6D3D02C6521990032AD5D /* Build configuration list for PBXProject "SpadesOfHearts-Programmatic" */;
			compatibilityVersion = "Xcode 14.0";
			developmentRegion = en;
			hasScannedForEncodings = 0;
			knownRegions = (
				en,
				Base,
			);
			mainGroup = 63B6D3CC2C6521990032AD5D;
			productRefGroup = 63B6D3D62C6521990032AD5D /* Products */;
			projectDirPath = "";
			projectRoot = "";
			targets = (
				63B6D3D42C6521990032AD5D /* SpadesOfHearts-Programmatic */,
			);
		};
/* End PBXProject section */

/* Begin PBXResourcesBuildPhase section */
		63B6D3D32C6521990032AD5D /* Resources */ = {
			isa = PBXResourcesBuildPhase;
			buildActionMask = 2147483647;
			files = (
				63B6D3E22C65219B0032AD5D /* Assets.xcassets in Resources */,
				63B6D3E52C65219B0032AD5D /* Base in Resources */,
			);
			runOnlyForDeploymentPostprocessing = 0;
		};
/* End PBXResourcesBuildPhase section */

/* Begin PBXSourcesBuildPhase section */
		63B6D3D12C6521990032AD5D /* Sources */ = {
			isa = PBXSourcesBuildPhase;
			buildActionMask = 2147483647;
			files = (
				63C6CEF62C66313F00C39C6A /* Deck.swift in Sources */,
				63B6D3EF2C6527440032AD5D /* SoHButton.swift in Sources */,
				63C6CEF42C6620F800C39C6A /* RulesVC.swift in Sources */,
				63B6D3D92C6521990032AD5D /* AppDelegate.swift in Sources */,
				63B6D3DB2C6521990032AD5D /* SceneDelegate.swift in Sources */,
				63B6D3ED2C6525290032AD5D /* CardSelectionVC.swift in Sources */,
			);
			runOnlyForDeploymentPostprocessing = 0;
		};
/* End PBXSourcesBuildPhase section */

/* Begin PBXVariantGroup section */
		63B6D3E32C65219B0032AD5D /* LaunchScreen.storyboard */ = {
			isa = PBXVariantGroup;
			children = (
				63B6D3E42C65219B0032AD5D /* Base */,
			);
			name = LaunchScreen.storyboard;
			sourceTree = "<group>";
		};
/* End PBXVariantGroup section */

/* Begin XCBuildConfiguration section */
		63B6D3E72C65219B0032AD5D /* Debug */ = {
			isa = XCBuildConfiguration;
			buildSettings = {
				ALWAYS_SEARCH_USER_PATHS = NO;
				ASSETCATALOG_COMPILER_GENERATE_SWIFT_ASSET_SYMBOL_EXTENSIONS = YES;
				CLANG_ANALYZER_NONNULL = YES;
				CLANG_ANALYZER_NUMBER_OBJECT_CONVERSION = YES_AGGRESSIVE;
				CLANG_CXX_LANGUAGE_STANDARD = "gnu++20";
				CLANG_ENABLE_MODULES = YES;
				CLANG_ENABLE_OBJC_ARC = YES;
				CLANG_ENABLE_OBJC_WEAK = YES;
				CLANG_WARN_BLOCK_CAPTURE_AUTORELEASING = YES;
				CLANG_WARN_BOOL_CONVERSION = YES;
				CLANG_WARN_COMMA = YES;
				CLANG_WARN_CONSTANT_CONVERSION = YES;
				CLANG_WARN_DEPRECATED_OBJC_IMPLEMENTATIONS = YES;
				CLANG_WARN_DIRECT_OBJC_ISA_USAGE = YES_ERROR;
				CLANG_WARN_DOCUMENTATION_COMMENTS = YES;
				CLANG_WARN_EMPTY_BODY = YES;
				CLANG_WARN_ENUM_CONVERSION = YES;
				CLANG_WARN_INFINITE_RECURSION = YES;
				CLANG_WARN_INT_CONVERSION = YES;
				CLANG_WARN_NON_LITERAL_NULL_CONVERSION = YES;
				CLANG_WARN_OBJC_IMPLICIT_RETAIN_SELF = YES;
				CLANG_WARN_OBJC_LITERAL_CONVERSION = YES;
				CLANG_WARN_OBJC_ROOT_CLASS = YES_ERROR;
				CLANG_WARN_QUOTED_INCLUDE_IN_FRAMEWORK_HEADER = YES;
				CLANG_WARN_RANGE_LOOP_ANALYSIS = YES;
				CLANG_WARN_STRICT_PROTOTYPES = YES;
				CLANG_WARN_SUSPICIOUS_MOVE = YES;
				CLANG_WARN_UNGUARDED_AVAILABILITY = YES_AGGRESSIVE;
				CLANG_WARN_UNREACHABLE_CODE = YES;
				CLANG_WARN__DUPLICATE_METHOD_MATCH = YES;
				COPY_PHASE_STRIP = NO;
				DEBUG_INFORMATION_FORMAT = dwarf;
				ENABLE_STRICT_OBJC_MSGSEND = YES;
				ENABLE_TESTABILITY = YES;
				ENABLE_USER_SCRIPT_SANDBOXING = YES;
				GCC_C_LANGUAGE_STANDARD = gnu17;
				GCC_DYNAMIC_NO_PIC = NO;
				GCC_NO_COMMON_BLOCKS = YES;
				GCC_OPTIMIZATION_LEVEL = 0;
				GCC_PREPROCESSOR_DEFINITIONS = (
					"DEBUG=1",
					"$(inherited)",
				);
				GCC_WARN_64_TO_32_BIT_CONVERSION = YES;
				GCC_WARN_ABOUT_RETURN_TYPE = YES_ERROR;
				GCC_WARN_UNDECLARED_SELECTOR = YES;
				GCC_WARN_UNINITIALIZED_AUTOS = YES_AGGRESSIVE;
				GCC_WARN_UNUSED_FUNCTION = YES;
				GCC_WARN_UNUSED_VARIABLE = YES;
				IPHONEOS_DEPLOYMENT_TARGET = 17.5;
				LOCALIZATION_PREFERS_STRING_CATALOGS = YES;
				MTL_ENABLE_DEBUG_INFO = INCLUDE_SOURCE;
				MTL_FAST_MATH = YES;
				ONLY_ACTIVE_ARCH = YES;
				SDKROOT = iphoneos;
				SWIFT_ACTIVE_COMPILATION_CONDITIONS = "DEBUG $(inherited)";
				SWIFT_OPTIMIZATION_LEVEL = "-Onone";
			};
			name = Debug;
		};
		63B6D3E82C65219B0032AD5D /* Release */ = {
			isa = XCBuildConfiguration;
			buildSettings = {
				ALWAYS_SEARCH_USER_PATHS = NO;
				ASSETCATALOG_COMPILER_GENERATE_SWIFT_ASSET_SYMBOL_EXTENSIONS = YES;
				CLANG_ANALYZER_NONNULL = YES;
				CLANG_ANALYZER_NUMBER_OBJECT_CONVERSION = YES_AGGRESSIVE;
				CLANG_CXX_LANGUAGE_STANDARD = "gnu++20";
				CLANG_ENABLE_MODULES = YES;
				CLANG_ENABLE_OBJC_ARC = YES;
				CLANG_ENABLE_OBJC_WEAK = YES;
				CLANG_WARN_BLOCK_CAPTURE_AUTORELEASING = YES;
				CLANG_WARN_BOOL_CONVERSION = YES;
				CLANG_WARN_COMMA = YES;
				CLANG_WARN_CONSTANT_CONVERSION = YES;
				CLANG_WARN_DEPRECATED_OBJC_IMPLEMENTATIONS = YES;
				CLANG_WARN_DIRECT_OBJC_ISA_USAGE = YES_ERROR;
				CLANG_WARN_DOCUMENTATION_COMMENTS = YES;
				CLANG_WARN_EMPTY_BODY = YES;
				CLANG_WARN_ENUM_CONVERSION = YES;
				CLANG_WARN_INFINITE_RECURSION = YES;
				CLANG_WARN_INT_CONVERSION = YES;
				CLANG_WARN_NON_LITERAL_NULL_CONVERSION = YES;
				CLANG_WARN_OBJC_IMPLICIT_RETAIN_SELF = YES;
				CLANG_WARN_OBJC_LITERAL_CONVERSION = YES;
				CLANG_WARN_OBJC_ROOT_CLASS = YES_ERROR;
				CLANG_WARN_QUOTED_INCLUDE_IN_FRAMEWORK_HEADER = YES;
				CLANG_WARN_RANGE_LOOP_ANALYSIS = YES;
				CLANG_WARN_STRICT_PROTOTYPES = YES;
				CLANG_WARN_SUSPICIOUS_MOVE = YES;
				CLANG_WARN_UNGUARDED_AVAILABILITY = YES_AGGRESSIVE;
				CLANG_WARN_UNREACHABLE_CODE = YES;
				CLANG_WARN__DUPLICATE_METHOD_MATCH = YES;
				COPY_PHASE_STRIP = NO;
				DEBUG_INFORMATION_FORMAT = "dwarf-with-dsym";
				ENABLE_NS_ASSERTIONS = NO;
				ENABLE_STRICT_OBJC_MSGSEND = YES;
				ENABLE_USER_SCRIPT_SANDBOXING = YES;
				GCC_C_LANGUAGE_STANDARD = gnu17;
				GCC_NO_COMMON_BLOCKS = YES;
				GCC_WARN_64_TO_32_BIT_CONVERSION = YES;
				GCC_WARN_ABOUT_RETURN_TYPE = YES_ERROR;
				GCC_WARN_UNDECLARED_SELECTOR = YES;
				GCC_WARN_UNINITIALIZED_AUTOS = YES_AGGRESSIVE;
				GCC_WARN_UNUSED_FUNCTION = YES;
				GCC_WARN_UNUSED_VARIABLE = YES;
				IPHONEOS_DEPLOYMENT_TARGET = 17.5;
				LOCALIZATION_PREFERS_STRING_CATALOGS = YES;
				MTL_ENABLE_DEBUG_INFO = NO;
				MTL_FAST_MATH = YES;
				SDKROOT = iphoneos;
				SWIFT_COMPILATION_MODE = wholemodule;
				VALIDATE_PRODUCT = YES;
			};
			name = Release;
		};
		63B6D3EA2C65219B0032AD5D /* Debug */ = {
			isa = XCBuildConfiguration;
			buildSettings = {
				ASSETCATALOG_COMPILER_APPICON_NAME = AppIcon;
				ASSETCATALOG_COMPILER_GLOBAL_ACCENT_COLOR_NAME = AccentColor;
				CODE_SIGN_STYLE = Automatic;
				CURRENT_PROJECT_VERSION = 1;
				DEVELOPMENT_TEAM = YZD7BZY478;
				GENERATE_INFOPLIST_FILE = YES;
				INFOPLIST_FILE = "SpadesOfHearts-Programmatic/Info.plist";
				INFOPLIST_KEY_UIApplicationSupportsIndirectInputEvents = YES;
				INFOPLIST_KEY_UILaunchStoryboardName = LaunchScreen;
				INFOPLIST_KEY_UIStatusBarStyle = "";
				INFOPLIST_KEY_UISupportedInterfaceOrientations = UIInterfaceOrientationPortrait;
				IPHONEOS_DEPLOYMENT_TARGET = 15.0;
				LD_RUNPATH_SEARCH_PATHS = (
					"$(inherited)",
					"@executable_path/Frameworks",
				);
				MARKETING_VERSION = 1.0;
				PRODUCT_BUNDLE_IDENTIFIER = "Chikibamboni.SpadesOfHearts-Programmatic";
				PRODUCT_NAME = "$(TARGET_NAME)";
				SWIFT_EMIT_LOC_STRINGS = YES;
				SWIFT_VERSION = 5.0;
				TARGETED_DEVICE_FAMILY = "1,2";
			};
			name = Debug;
		};
		63B6D3EB2C65219B0032AD5D /* Release */ = {
			isa = XCBuildConfiguration;
			buildSettings = {
				ASSETCATALOG_COMPILER_APPICON_NAME = AppIcon;
				ASSETCATALOG_COMPILER_GLOBAL_ACCENT_COLOR_NAME = AccentColor;
				CODE_SIGN_STYLE = Automatic;
				CURRENT_PROJECT_VERSION = 1;
				DEVELOPMENT_TEAM = YZD7BZY478;
				GENERATE_INFOPLIST_FILE = YES;
				INFOPLIST_FILE = "SpadesOfHearts-Programmatic/Info.plist";
				INFOPLIST_KEY_UIApplicationSupportsIndirectInputEvents = YES;
				INFOPLIST_KEY_UILaunchStoryboardName = LaunchScreen;
				INFOPLIST_KEY_UIStatusBarStyle = "";
				INFOPLIST_KEY_UISupportedInterfaceOrientations = UIInterfaceOrientationPortrait;
				IPHONEOS_DEPLOYMENT_TARGET = 15.0;
				LD_RUNPATH_SEARCH_PATHS = (
					"$(inherited)",
					"@executable_path/Frameworks",
				);
				MARKETING_VERSION = 1.0;
				PRODUCT_BUNDLE_IDENTIFIER = "Chikibamboni.SpadesOfHearts-Programmatic";
				PRODUCT_NAME = "$(TARGET_NAME)";
				SWIFT_EMIT_LOC_STRINGS = YES;
				SWIFT_VERSION = 5.0;
				TARGETED_DEVICE_FAMILY = "1,2";
			};
			name = Release;
		};
/* End XCBuildConfiguration section */

/* Begin XCConfigurationList section */
		63B6D3D02C6521990032AD5D /* Build configuration list for PBXProject "SpadesOfHearts-Programmatic" */ = {
			isa = XCConfigurationList;
			buildConfigurations = (
				63B6D3E72C65219B0032AD5D /* Debug */,
				63B6D3E82C65219B0032AD5D /* Release */,
			);
			defaultConfigurationIsVisible = 0;
			defaultConfigurationName = Release;
		};
		63B6D3E92C65219B0032AD5D /* Build configuration list for PBXNativeTarget "SpadesOfHearts-Programmatic" */ = {
			isa = XCConfigurationList;
			buildConfigurations = (
				63B6D3EA2C65219B0032AD5D /* Debug */,
				63B6D3EB2C65219B0032AD5D /* Release */,
			);
			defaultConfigurationIsVisible = 0;
			defaultConfigurationName = Release;
		};
/* End XCConfigurationList section */
	};
	rootObject = 63B6D3CD2C6521990032AD5D /* Project object */;
}
